
Microsoft Visual Studio Solution File, Format Version 12.00
# Visual Studio Version 17
VisualStudioVersion = 17.0.31903.59
MinimumVisualStudioVersion = 10.0.40219.1
Project("{FAE04EC0-301F-11D3-BF4B-00C04F79EFBC}") = "VariablesAndDatatype", "VariablesAndDatatype\VariablesAndDatatype.csproj", "{8FFD4867-4012-4182-935F-E621869F3D92}"
EndProject
Project("{FAE04EC0-301F-11D3-BF4B-00C04F79EFBC}") = "ControlFlow", "ControlFlow\ControlFlow.csproj", "{EF4B1AA6-1F58-44DE-9783-D98183F8F7E8}"
EndProject
Project("{FAE04EC0-301F-11D3-BF4B-00C04F79EFBC}") = "StringSyntax", "StringSyntax\StringSyntax.csproj", "{AEFF9613-11CD-4416-97D4-2786EE0BECF5}"
EndProject
Project("{FAE04EC0-301F-11D3-BF4B-00C04F79EFBC}") = "ComposedData", "ComposedData\ComposedData.csproj", "{76A16F26-E337-46A4-96D2-9F751D69F8F0}"
EndProject
Global
	GlobalSection(SolutionConfigurationPlatforms) = preSolution
		Debug|Any CPU = Debug|Any CPU
		Release|Any CPU = Release|Any CPU
	EndGlobalSection
	GlobalSection(SolutionProperties) = preSolution
		HideSolutionNode = FALSE
	EndGlobalSection
	GlobalSection(ProjectConfigurationPlatforms) = postSolution
		{8FFD4867-4012-4182-935F-E621869F3D92}.Debug|Any CPU.ActiveCfg = Debug|Any CPU
		{8FFD4867-4012-4182-935F-E621869F3D92}.Debug|Any CPU.Build.0 = Debug|Any CPU
		{8FFD4867-4012-4182-935F-E621869F3D92}.Release|Any CPU.ActiveCfg = Release|Any CPU
		{8FFD4867-4012-4182-935F-E621869F3D92}.Release|Any CPU.Build.0 = Release|Any CPU
		{EF4B1AA6-1F58-44DE-9783-D98183F8F7E8}.Debug|Any CPU.ActiveCfg = Debug|Any CPU
		{EF4B1AA6-1F58-44DE-9783-D98183F8F7E8}.Debug|Any CPU.Build.0 = Debug|Any CPU
		{EF4B1AA6-1F58-44DE-9783-D98183F8F7E8}.Release|Any CPU.ActiveCfg = Release|Any CPU
		{EF4B1AA6-1F58-44DE-9783-D98183F8F7E8}.Release|Any CPU.Build.0 = Release|Any CPU
		{AEFF9613-11CD-4416-97D4-2786EE0BECF5}.Debug|Any CPU.ActiveCfg = Debug|Any CPU
		{AEFF9613-11CD-4416-97D4-2786EE0BECF5}.Debug|Any CPU.Build.0 = Debug|Any CPU
		{AEFF9613-11CD-4416-97D4-2786EE0BECF5}.Release|Any CPU.ActiveCfg = Release|Any CPU
		{AEFF9613-11CD-4416-97D4-2786EE0BECF5}.Release|Any CPU.Build.0 = Release|Any CPU
		{65C4DE80-68B8-4279-8FF3-F43D645995B7}.Debug|Any CPU.ActiveCfg = Debug|Any CPU
		{65C4DE80-68B8-4279-8FF3-F43D645995B7}.Debug|Any CPU.Build.0 = Debug|Any CPU
		{65C4DE80-68B8-4279-8FF3-F43D645995B7}.Release|Any CPU.ActiveCfg = Release|Any CPU
		{65C4DE80-68B8-4279-8FF3-F43D645995B7}.Release|Any CPU.Build.0 = Release|Any CPU
		{76A16F26-E337-46A4-96D2-9F751D69F8F0}.Debug|Any CPU.ActiveCfg = Debug|Any CPU
		{76A16F26-E337-46A4-96D2-9F751D69F8F0}.Debug|Any CPU.Build.0 = Debug|Any CPU
		{76A16F26-E337-46A4-96D2-9F751D69F8F0}.Release|Any CPU.ActiveCfg = Release|Any CPU
		{76A16F26-E337-46A4-96D2-9F751D69F8F0}.Release|Any CPU.Build.0 = Release|Any CPU
	EndGlobalSection
EndGlobal
